{
  "name": "elm-deps",
  "version": "1.0.0",
  "lockfileVersion": 3,
  "requires": true,
  "packages": {
    "": {
      "name": "elm-deps",
      "version": "1.0.0",
      "license": "MPL-2.0",
      "dependencies": {
        "elm-solve-deps-wasm": "file:../pkg"
      }
    },
    "../pkg": {
      "name": "elm-solve-deps-wasm",
      "version": "1.0.2",
      "license": "MPL-2.0"
    },
    "node_modules/elm-solve-deps-wasm": {
      "resolved": "../pkg",
      "link": true
    }
  }
}
